
Microsoft Visual Studio Solution File, Format Version 12.00
# Visual Studio Version 17
VisualStudioVersion = 17.4.33213.308
MinimumVisualStudioVersion = 10.0.40219.1
Project("{9A19103F-16F7-4668-BE54-9A1E7A4F7556}") = "MiHotel.WebApi", "MiHotel.WebApi\MiHotel.WebApi.csproj", "{51101160-0643-4F53-81F9-A91BAA9D4A1E}"
EndProject
Project("{9A19103F-16F7-4668-BE54-9A1E7A4F7556}") = "MiHotel.Common", "MiHotel.Common\MiHotel.Common.csproj", "{42C76C8E-143F-4B9B-80D8-46DA659BBE80}"
EndProject
Project("{9A19103F-16F7-4668-BE54-9A1E7A4F7556}") = "MiHotel.Maui", "MiHotel.Maui\MiHotel.Maui.csproj", "{90E7C2DB-E639-4ADB-9336-ECF84089F03B}"
EndProject
Global
	GlobalSection(SolutionConfigurationPlatforms) = preSolution
		Debug|Any CPU = Debug|Any CPU
		Release|Any CPU = Release|Any CPU
	EndGlobalSection
	GlobalSection(ProjectConfigurationPlatforms) = postSolution
		{51101160-0643-4F53-81F9-A91BAA9D4A1E}.Debug|Any CPU.ActiveCfg = Debug|Any CPU
		{51101160-0643-4F53-81F9-A91BAA9D4A1E}.Debug|Any CPU.Build.0 = Debug|Any CPU
		{51101160-0643-4F53-81F9-A91BAA9D4A1E}.Release|Any CPU.ActiveCfg = Release|Any CPU
		{51101160-0643-4F53-81F9-A91BAA9D4A1E}.Release|Any CPU.Build.0 = Release|Any CPU
		{42C76C8E-143F-4B9B-80D8-46DA659BBE80}.Debug|Any CPU.ActiveCfg = Debug|Any CPU
		{42C76C8E-143F-4B9B-80D8-46DA659BBE80}.Debug|Any CPU.Build.0 = Debug|Any CPU
		{42C76C8E-143F-4B9B-80D8-46DA659BBE80}.Release|Any CPU.ActiveCfg = Release|Any CPU
		{42C76C8E-143F-4B9B-80D8-46DA659BBE80}.Release|Any CPU.Build.0 = Release|Any CPU
		{90E7C2DB-E639-4ADB-9336-ECF84089F03B}.Debug|Any CPU.ActiveCfg = Debug|Any CPU
		{90E7C2DB-E639-4ADB-9336-ECF84089F03B}.Debug|Any CPU.Build.0 = Debug|Any CPU
		{90E7C2DB-E639-4ADB-9336-ECF84089F03B}.Debug|Any CPU.Deploy.0 = Debug|Any CPU
		{90E7C2DB-E639-4ADB-9336-ECF84089F03B}.Release|Any CPU.ActiveCfg = Release|Any CPU
		{90E7C2DB-E639-4ADB-9336-ECF84089F03B}.Release|Any CPU.Build.0 = Release|Any CPU
		{90E7C2DB-E639-4ADB-9336-ECF84089F03B}.Release|Any CPU.Deploy.0 = Release|Any CPU
	EndGlobalSection
	GlobalSection(SolutionProperties) = preSolution
		HideSolutionNode = FALSE
	EndGlobalSection
	GlobalSection(ExtensibilityGlobals) = postSolution
		SolutionGuid = {971D424A-10D9-44D1-98CB-889EDA4FAFED}
	EndGlobalSection
EndGlobal
